
Microsoft Visual Studio Solution File, Format Version 12.00
# Visual Studio 2013
VisualStudioVersion = 12.0.40629.0
MinimumVisualStudioVersion = 10.0.40219.1
Project("{FAE04EC0-301F-11D3-BF4B-00C04F79EFBC}") = "Mindream", "Mindream\Mindream.csproj", "{E7A6AC89-C829-43CF-A20C-B9715C9AAF0C}"
EndProject
Project("{FAE04EC0-301F-11D3-BF4B-00C04F79EFBC}") = "Mindream.XGraph", "Mindream.XGraph\Mindream.XGraph.csproj", "{3695FBA3-5023-491B-BE8D-E0116E5F586C}"
EndProject
Project("{FAE04EC0-301F-11D3-BF4B-00C04F79EFBC}") = "DemoApplication", "DemoApplication\DemoApplication.csproj", "{EFA03A7C-4F65-48B1-BA76-53E7AB162E43}"
EndProject
Project("{FAE04EC0-301F-11D3-BF4B-00C04F79EFBC}") = "Mindream.WPF", "Mindream.WPF\Mindream.WPF.csproj", "{FC40C7C7-5C52-4ABC-9742-1D3C64591E04}"
EndProject
Project("{FAE04EC0-301F-11D3-BF4B-00C04F79EFBC}") = "Mindream.XTreeListView", "Mindream.XTreeListView\Mindream.XTreeListView.csproj", "{AE96E207-1C95-4C0C-BC09-A454BF118EC3}"
EndProject
Project("{FAE04EC0-301F-11D3-BF4B-00C04F79EFBC}") = "XSerialization", "SubModules\XRay\XSerialization\XSerialization.csproj", "{B03F0119-4564-4787-BE7C-9E6F4368C13C}"
EndProject
Project("{FAE04EC0-301F-11D3-BF4B-00C04F79EFBC}") = "XSystem", "SubModules\XRay\XSystem\XSystem.csproj", "{70AB21AF-5CF4-4751-8D1F-C55B55B33EC6}"
EndProject
Project("{FAE04EC0-301F-11D3-BF4B-00C04F79EFBC}") = "XTreeListView", "SubModules\XRay\XTreeListView\XTreeListView.csproj", "{C91EB045-4C68-4F7C-A03C-42362AEE5349}"
EndProject
Project("{FAE04EC0-301F-11D3-BF4B-00C04F79EFBC}") = "XGraph", "SubModules\XGraph\XGraph\XGraph.csproj", "{152277E0-4E7A-4586-BF49-05AC85CEAFC1}"
EndProject
Global
	GlobalSection(SolutionConfigurationPlatforms) = preSolution
		Debug|Any CPU = Debug|Any CPU
		Release|Any CPU = Release|Any CPU
	EndGlobalSection
	GlobalSection(ProjectConfigurationPlatforms) = postSolution
		{E7A6AC89-C829-43CF-A20C-B9715C9AAF0C}.Debug|Any CPU.ActiveCfg = Debug|Any CPU
		{E7A6AC89-C829-43CF-A20C-B9715C9AAF0C}.Debug|Any CPU.Build.0 = Debug|Any CPU
		{E7A6AC89-C829-43CF-A20C-B9715C9AAF0C}.Release|Any CPU.ActiveCfg = Release|Any CPU
		{E7A6AC89-C829-43CF-A20C-B9715C9AAF0C}.Release|Any CPU.Build.0 = Release|Any CPU
		{3695FBA3-5023-491B-BE8D-E0116E5F586C}.Debug|Any CPU.ActiveCfg = Debug|Any CPU
		{3695FBA3-5023-491B-BE8D-E0116E5F586C}.Debug|Any CPU.Build.0 = Debug|Any CPU
		{3695FBA3-5023-491B-BE8D-E0116E5F586C}.Release|Any CPU.ActiveCfg = Release|Any CPU
		{3695FBA3-5023-491B-BE8D-E0116E5F586C}.Release|Any CPU.Build.0 = Release|Any CPU
		{EFA03A7C-4F65-48B1-BA76-53E7AB162E43}.Debug|Any CPU.ActiveCfg = Debug|Any CPU
		{EFA03A7C-4F65-48B1-BA76-53E7AB162E43}.Debug|Any CPU.Build.0 = Debug|Any CPU
		{EFA03A7C-4F65-48B1-BA76-53E7AB162E43}.Release|Any CPU.ActiveCfg = Release|Any CPU
		{EFA03A7C-4F65-48B1-BA76-53E7AB162E43}.Release|Any CPU.Build.0 = Release|Any CPU
		{FC40C7C7-5C52-4ABC-9742-1D3C64591E04}.Debug|Any CPU.ActiveCfg = Debug|Any CPU
		{FC40C7C7-5C52-4ABC-9742-1D3C64591E04}.Debug|Any CPU.Build.0 = Debug|Any CPU
		{FC40C7C7-5C52-4ABC-9742-1D3C64591E04}.Release|Any CPU.ActiveCfg = Release|Any CPU
		{FC40C7C7-5C52-4ABC-9742-1D3C64591E04}.Release|Any CPU.Build.0 = Release|Any CPU
		{AE96E207-1C95-4C0C-BC09-A454BF118EC3}.Debug|Any CPU.ActiveCfg = Debug|Any CPU
		{AE96E207-1C95-4C0C-BC09-A454BF118EC3}.Debug|Any CPU.Build.0 = Debug|Any CPU
		{AE96E207-1C95-4C0C-BC09-A454BF118EC3}.Release|Any CPU.ActiveCfg = Release|Any CPU
		{AE96E207-1C95-4C0C-BC09-A454BF118EC3}.Release|Any CPU.Build.0 = Release|Any CPU
		{B03F0119-4564-4787-BE7C-9E6F4368C13C}.Debug|Any CPU.ActiveCfg = Debug|Any CPU
		{B03F0119-4564-4787-BE7C-9E6F4368C13C}.Debug|Any CPU.Build.0 = Debug|Any CPU
		{B03F0119-4564-4787-BE7C-9E6F4368C13C}.Release|Any CPU.ActiveCfg = Release|Any CPU
		{B03F0119-4564-4787-BE7C-9E6F4368C13C}.Release|Any CPU.Build.0 = Release|Any CPU
		{70AB21AF-5CF4-4751-8D1F-C55B55B33EC6}.Debug|Any CPU.ActiveCfg = Debug|Any CPU
		{70AB21AF-5CF4-4751-8D1F-C55B55B33EC6}.Debug|Any CPU.Build.0 = Debug|Any CPU
		{70AB21AF-5CF4-4751-8D1F-C55B55B33EC6}.Release|Any CPU.ActiveCfg = Release|Any CPU
		{70AB21AF-5CF4-4751-8D1F-C55B55B33EC6}.Release|Any CPU.Build.0 = Release|Any CPU
		{C91EB045-4C68-4F7C-A03C-42362AEE5349}.Debug|Any CPU.ActiveCfg = Debug|Any CPU
		{C91EB045-4C68-4F7C-A03C-42362AEE5349}.Debug|Any CPU.Build.0 = Debug|Any CPU
		{C91EB045-4C68-4F7C-A03C-42362AEE5349}.Release|Any CPU.ActiveCfg = Release|Any CPU
		{C91EB045-4C68-4F7C-A03C-42362AEE5349}.Release|Any CPU.Build.0 = Release|Any CPU
		{152277E0-4E7A-4586-BF49-05AC85CEAFC1}.Debug|Any CPU.ActiveCfg = Debug|Any CPU
		{152277E0-4E7A-4586-BF49-05AC85CEAFC1}.Debug|Any CPU.Build.0 = Debug|Any CPU
		{152277E0-4E7A-4586-BF49-05AC85CEAFC1}.Release|Any CPU.ActiveCfg = Release|Any CPU
		{152277E0-4E7A-4586-BF49-05AC85CEAFC1}.Release|Any CPU.Build.0 = Release|Any CPU
	EndGlobalSection
	GlobalSection(SolutionProperties) = preSolution
		HideSolutionNode = FALSE
	EndGlobalSection
EndGlobal
